{
  "name": "jexcel",
  "version": "1.0.0",
  "lockfileVersion": 3,
  "requires": true,
  "packages": {
    "": {
      "name": "jexcel",
      "version": "1.0.0",
      "license": "ISC",
      "dependencies": {
        "jexcel": "^4.5.0"
      }
    },
    "node_modules/jexcel": {
      "version": "4.5.0",
      "resolved": "https://registry.npmjs.org/jexcel/-/jexcel-4.5.0.tgz",
      "integrity": "sha512-FPiAWydNwQuSSpjJNXSIQzBagK6BuW78AIhnmnBQZGYqVdxppqYaRGajVnXB4hp/HW5RSxr4SLfOYSFtPutD4Q==",
      "dependencies": {
        "jsuites": "^3.4.0"
      }
    },
    "node_modules/jsuites": {
      "version": "3.9.9",
      "resolved": "https://registry.npmjs.org/jsuites/-/jsuites-3.9.9.tgz",
      "integrity": "sha512-uciw/BeIu6cU3+n+hBfoQQ1hgP4R/DAif2fwJwkJmu8lZ5AWeYW5xGQhVVmrCN/MPFSVkIF6ioHX6kC9Uj9AJw=="
    }
  }
}
